lockfileVersion: '9.0'

settings:
  autoInstallPeers: true
  excludeLinksFromLockfile: false

importers:

  .:
    dependencies:
      '@3loop/transaction-decoder':
        specifier: ^0.25.1
        version: 0.25.1(@noble/hashes@1.7.1)(effect@3.12.7)(quickjs-emscripten@0.29.2)(typescript@5.7.3)(viem@2.22.13(typescript@5.7.3))
      '@3loop/transaction-interpreter':
        specifier: ^0.11.12
        version: 0.11.16(@noble/hashes@1.7.1)(effect@3.12.7)(typescript@5.7.3)(viem@2.22.13(typescript@5.7.3))
      '@standard-crypto/farcaster-js-hub-rest':
        specifier: ^1.4.1
        version: 1.5.0(axios@1.6.8)(typescript@5.7.3)
      effect:
        specifier: ^3.11.7
        version: 3.12.7
      typescript:
        specifier: ^5.0.0
        version: 5.7.3
      viem:
        specifier: ^2.9.29
        version: 2.22.13(typescript@5.7.3)
    devDependencies:
      '@flydotio/dockerfile':
        specifier: latest
        version: 0.7.3
      '@types/bun':
        specifier: latest
        version: 1.2.0

packages:

  '@3loop/transaction-decoder@0.25.1':
    resolution: {integrity: sha512-cn250hWRZHcrnXxxUqEdmTLRq3PI/ChOIxzztqut4USKbKPInnNKnjT3xVUa5gPb5Ol2KPsXl7E1lHxhhei7qQ==}
    engines: {node: '>=18.16'}
    peerDependencies:
      '@effect/sql': ^0.18.16
      effect: ^3.10.18
      quickjs-emscripten: ^0.29.1
      viem: ^2.7.22
    peerDependenciesMeta:
      '@effect/sql':
        optional: true

  '@3loop/transaction-interpreter@0.11.16':
    resolution: {integrity: sha512-Hw3gGqRU6MS61SufE+XrkvzVRzh/I6VCF8cRVfijkhaKzx7BcBSCZG3lhz/Nat50nMYEN6b1ZwZ2BLGLDnvysA==}
    peerDependencies:
      effect: ^3.10.18

  '@adraffy/ens-normalize@1.10.0':
    resolution: {integrity: sha512-nA9XHtlAkYfJxY7bce8DcN7eKxWWCWkU+1GR9d+U6MbNpfwQp8TI7vqOsBsMcHoT4mBu2kypKoSKnghEzOOq5Q==}

  '@adraffy/ens-normalize@1.11.0':
    resolution: {integrity: sha512-/3DDPKHqqIqxUULp8yP4zODUY1i+2xvVWsv8A79xGWdCAG+8sb0hRh0Rk2QyOJUnnbyPUAZYcpBuRe3nS2OIUg==}

  '@farcaster/core@0.14.20':
    resolution: {integrity: sha512-VHnvt78fITnztYwRrrLAI0MTxgUelGw8ieync4yLxDx/BA2wSr9gNNeLxnQupLXD6qf8k7JsxqLJrFAuVDzt5A==}

  '@flydotio/dockerfile@0.7.3':
    resolution: {integrity: sha512-T2OWqiEhK/oOfMzs5gApY9cqlIHEUEDJSE/z5FKk50uVtDqo0a9RqD3ciVI7ZsqukGSdFt4Dif8yVffyJGGokg==}
    engines: {node: '>=16.0.0'}
    hasBin: true

  '@jitl/quickjs-ffi-types@0.29.2':
    resolution: {integrity: sha512-069uQTiEla2PphXg6UpyyJ4QXHkTj3S9TeXgaMCd8NDYz3ODBw5U/rkg6fhuU8SMpoDrWjEzybmV5Mi2Pafb5w==}

  '@jitl/quickjs-wasmfile-debug-asyncify@0.29.2':
    resolution: {integrity: sha512-YdRw2414pFkxzyyoJGv81Grbo9THp/5athDMKipaSBNNQvFE9FGRrgE9tt2DT2mhNnBx1kamtOGj0dX84Yy9bg==}

  '@jitl/quickjs-wasmfile-debug-sync@0.29.2':
    resolution: {integrity: sha512-VgisubjyPMWEr44g+OU0QWGyIxu7VkApkLHMxdORX351cw22aLTJ+Z79DJ8IVrTWc7jh4CBPsaK71RBQDuVB7w==}

  '@jitl/quickjs-wasmfile-release-asyncify@0.29.2':
    resolution: {integrity: sha512-sf3luCPr8wBVmGV6UV8Set+ie8wcO6mz5wMvDVO0b90UVCKfgnx65A1JfeA+zaSGoaFyTZ3sEpXSGJU+6qJmLw==}

  '@jitl/quickjs-wasmfile-release-sync@0.29.2':
    resolution: {integrity: sha512-UFIcbY3LxBRUjEqCHq3Oa6bgX5znt51V5NQck8L2US4u989ErasiMLUjmhq6UPC837Sjqu37letEK/ZpqlJ7aA==}

  '@noble/curves@1.2.0':
    resolution: {integrity: sha512-oYclrNgRaM9SsBUBVbb8M6DTV7ZHRTKugureoYEncY5c65HOmRzvSiTE3y5CYaPYJA/GVkrhXEoF0M3Ya9PMnw==}

  '@noble/curves@1.8.1':
    resolution: {integrity: sha512-warwspo+UYUPep0Q+vtdVB4Ugn8GGQj8iyB3gnRWsztmUHTI3S1nhdiWNsPUGL0vud7JlRRk1XEu7Lq1KGTnMQ==}
    engines: {node: ^14.21.3 || >=16}

  '@noble/hashes@1.3.2':
    resolution: {integrity: sha512-MVC8EAQp7MvEcm30KWENFjgR+Mkmf+D189XJTkFIlwohU5hcBbn1ZkKq7KVTi2Hme3PMGF390DaL52beVrIihQ==}
    engines: {node: '>= 16'}

  '@noble/hashes@1.7.1':
    resolution: {integrity: sha512-B8XBPsn4vT/KJAGqDzbwztd+6Yte3P4V7iafm24bxgDe/mlRuK6xmWPuCNrKt2vDafZ8MfJLlchDG/vYafQEjQ==}
    engines: {node: ^14.21.3 || >=16}

  '@scure/base@1.1.9':
    resolution: {integrity: sha512-8YKhl8GHiNI/pU2VMaofa2Tor7PJRAjwQLBBuilkJ9L5+13yVbC7JO/wS7piioAvPSwR3JKM1IJ/u4xQzbcXKg==}

  '@scure/base@1.2.4':
    resolution: {integrity: sha512-5Yy9czTO47mqz+/J8GM6GIId4umdCk1wc1q8rKERQulIoc8VP9pzDcghv10Tl2E7R96ZUx/PhND3ESYUQX8NuQ==}

  '@scure/bip32@1.3.2':
    resolution: {integrity: sha512-N1ZhksgwD3OBlwTv3R6KFEcPojl/W4ElJOeCZdi+vuI5QmTFwLq3OFf2zd2ROpKvxFdgZ6hUpb0dx9bVNEwYCA==}

  '@scure/bip32@1.6.2':
    resolution: {integrity: sha512-t96EPDMbtGgtb7onKKqxRLfE5g05k7uHnHRM2xdE6BP/ZmxaLtPek4J4KfVn/90IQNrU1IOAqMgiDtUdtbe3nw==}

  '@scure/bip39@1.2.1':
    resolution: {integrity: sha512-Z3/Fsz1yr904dduJD0NpiyRHhRYHdcnyh73FZWiV+/qhWi83wNJ3NWolYqCEN+ZWsUz2TWwajJggcRE9r1zUYg==}

  '@scure/bip39@1.5.4':
    resolution: {integrity: sha512-TFM4ni0vKvCfBpohoh+/lY05i9gRbSwXWngAsF4CABQxoaOHijxuaZ2R6cStDQ5CHtHO9aGJTr4ksVJASRRyMA==}

  '@shazow/whatsabi@0.18.0':
    resolution: {integrity: sha512-CAM3ORys1LG1D+C65xp2nzvnFVwvXYtH2XfkL1HAmo4/74UfugUadCFkKHZgC1TDyo2rpgnJsX/mSpPN2YJDpA==}
    peerDependencies:
      '@noble/hashes': ^1

  '@standard-crypto/farcaster-js-hub-rest@1.5.0':
    resolution: {integrity: sha512-qBwvRg4C18CbhqEpkgMsEeLcGJcRvAz7JORGoxuTjfjE70DtjxSC2BzzVpxK9Qa74Z7uH7/XSYM4SL1kcr/kiA==}
    peerDependencies:
      axios: ~1.6.0

  '@types/bun@1.2.0':
    resolution: {integrity: sha512-5N1JqdahfpBlAv4wy6svEYcd/YfO2GNrbL95JOmFx8nkE6dbK4R0oSE5SpBA4vBRqgrOUAXF8Dpiz+gi7r80SA==}

  '@types/node@22.10.10':
    resolution: {integrity: sha512-X47y/mPNzxviAGY5TcYPtYL8JsY3kAq2n8fMmKoRCxq/c4v4pyGNCzM2R6+M5/umG4ZfHuT+sgqDYqWc9rJ6ww==}

  '@types/ws@8.5.14':
    resolution: {integrity: sha512-bd/YFLW+URhBzMXurx7lWByOu+xzU9+kb3RboOteXYDfW+tr+JZa99OyNmPINEGB/ahzKrEuc8rcv4gnpJmxTw==}

  abitype@0.9.8:
    resolution: {integrity: sha512-puLifILdm+8sjyss4S+fsUN09obiT1g2YW6CtcQF+QDzxR0euzgEB29MZujC6zMk2a6SVmtttq1fc6+YFA7WYQ==}
    peerDependencies:
      typescript: '>=5.0.4'
      zod: ^3 >=3.19.1
    peerDependenciesMeta:
      typescript:
        optional: true
      zod:
        optional: true

  abitype@1.0.8:
    resolution: {integrity: sha512-ZeiI6h3GnW06uYDLx0etQtX/p8E24UaHHBj57RSjK7YBFe7iuVn07EDpOeP451D06sF27VOz9JJPlIKJmXgkEg==}
    peerDependencies:
      typescript: '>=5.0.4'
      zod: ^3 >=3.22.0
    peerDependenciesMeta:
      typescript:
        optional: true
      zod:
        optional: true

  ansi-regex@5.0.1:
    resolution: {integrity: sha512-quJQXlTSUGL2LH9SUXo8VwsY4soanhgo6LNSm84E1LBcE8s3O0wpdiRzyR9z/ZZJMlMWv37qOOb9pdJlMUEKFQ==}
    engines: {node: '>=8'}

  ansi-styles@4.3.0:
    resolution: {integrity: sha512-zbB9rCJAT1rbjiVDb2hqKFHNYLxgtk8NURxZ3IZwD3F6NtxbXZQCnnSi1Lkx+IDohdPlFp222wVALIheZJQSEg==}
    engines: {node: '>=8'}

  async@3.2.6:
    resolution: {integrity: sha512-htCUDlxyyCLMgaM3xXg0C0LW2xqfuQ6p05pCEIsXuyQ+a1koYKTuBMzRNwmybfLgvJDMd0r1LTn4+E0Ti6C2AA==}

  asynckit@0.4.0:
    resolution: {integrity: sha512-Oei9OH4tRh0YqU3GxhX79dM/mwVgvbZJaSNaRk+bshkj0S5cfHcgYakreBjrHwatXKbz+IoIdYLxrKim2MjW0Q==}

  axios@1.6.8:
    resolution: {integrity: sha512-v/ZHtJDU39mDpyBoFVkETcd/uNdxrWRrg3bKpOKzXFA6Bvqopts6ALSMU3y6ijYxbw2B+wPrIv46egTzJXCLGQ==}

  balanced-match@1.0.2:
    resolution: {integrity: sha512-3oSeUO0TMV67hN1AmbXsK4yaqU7tjiHlbxRDZOpH0KW9+CeX4bRAaX0Anxt0tx2MrpRpWwQaPwIlISEJhYU5Pw==}

  base-x@4.0.0:
    resolution: {integrity: sha512-FuwxlW4H5kh37X/oW59pwTzzTKRzfrrQwhmyspRM7swOEZcHtDZSCt45U6oKgtuFE+WYPblePMVIPR4RZrh/hw==}

  brace-expansion@1.1.11:
    resolution: {integrity: sha512-iCuPHDFgrHX7H2vEI/5xpz07zSHB00TpugqhmYtVmMO6518mCuRMoOYFldEBl0g187ufozdaHgWKcYFb61qGiA==}

  brace-expansion@2.0.1:
    resolution: {integrity: sha512-XnAIvQ8eM+kC6aULx6wuQiwVsnzsi9d3WxzV3FpWTGA19F621kwdbsAcFKXgKUHZWsy+mY6iL1sHTxWEFCytDA==}

  bs58@5.0.0:
    resolution: {integrity: sha512-r+ihvQJvahgYT50JD05dyJNKlmmSlMoOGwn1lCcEzanPglg7TxYjioQUYehQ9mAR/+hOSd2jRc/Z2y5UxBymvQ==}

  bun-types@1.2.0:
    resolution: {integrity: sha512-KEaJxyZfbV/c4eyG0vyehDpYmBGreNiQbZIqvVHJwZ4BmeuWlNZ7EAzMN2Zcd7ailmS/tGVW0BgYbGf+lGEpWw==}

  chalk@4.1.2:
    resolution: {integrity: sha512-oKnbhFyRIXpUuez8iBMmyEa4nbj4IOQyuhc/wy9kY7/WVPcwIO9VA668Pu8RkO7+0G76SLROeyw9CpQ061i4mA==}
    engines: {node: '>=10'}

  chalk@5.4.1:
    resolution: {integrity: sha512-zgVZuo2WcZgfUEmsn6eO3kINexW8RAE4maiQ8QNs8CtpPCSyMiYsULR3HQYkm3w8FIA3SberyMJMSldGsW+U3w==}
    engines: {node: ^12.17.0 || ^14.13 || >=16.0.0}

  cliui@8.0.1:
    resolution: {integrity: sha512-BSeNnyus75C4//NQ9gQt1/csTXyo/8Sb+afLAkzAptFuMsod9HFokGNudZpi/oQV73hnVK+sR+5PVRMd+Dr7YQ==}
    engines: {node: '>=12'}

  color-convert@2.0.1:
    resolution: {integrity: sha512-RRECPsj7iu/xb5oKYcsFHSppFNnsj/52OVTRKb4zP5onXwVF3zVmmToNcOfGC+CRDpfK/U584fMg38ZHCaElKQ==}
    engines: {node: '>=7.0.0'}

  color-name@1.1.4:
    resolution: {integrity: sha512-dOy+3AuW3a2wNbZHIuMZpTcgjGuLU/uBL/ubcZF9OXbDo8ff4O8yVp5Bf0efS8uEoYo5q4Fx7dY9OgQGXgAsQA==}

  combined-stream@1.0.8:
    resolution: {integrity: sha512-FQN4MRfuJeHf7cBbBMJFXhKSDq+2kAArBlmRBvcvFE5BB1HZKXtSFASDhdlz9zOYwxh8lDdnvmMOe/+5cdoEdg==}
    engines: {node: '>= 0.8'}

  concat-map@0.0.1:
    resolution: {integrity: sha512-/Srv4dswyQNBfohGpz9o6Yb3Gz3SrUDqBH5rTuhGR7ahtlbYKnVxw2bCFMRljaA7EXHaXZ8wsHdodFvbkhKmqg==}

  delayed-stream@1.0.0:
    resolution: {integrity: sha512-ZySD7Nf91aLB0RxL4KGrKHBXl7Eds1DAmEdcoVawXnLD7SDhpNgtuII2aAkg7a7QS41jxPSZ17p4VdGnMHk3MQ==}
    engines: {node: '>=0.4.0'}

  diff@5.2.0:
    resolution: {integrity: sha512-uIFDxqpRZGZ6ThOk84hEfqWoHx2devRFvpTZcTHur85vImfaxUbTW9Ryh4CpCuDnToOP1CEtXKIgytHBPVff5A==}
    engines: {node: '>=0.3.1'}

  effect@3.12.7:
    resolution: {integrity: sha512-BsDTgSjLbL12g0+vGn5xkOgOVhRSaR3VeHmjcUb0gLvpXACJ9OgmlfeH+/FaAZwM5+omIF3I/j1gC5KJrbK1Aw==}

  ejs@3.1.10:
    resolution: {integrity: sha512-UeJmFfOrAQS8OJWPZ4qtgHyWExa088/MtK5UEyoJGFH67cDEXkZSviOiKRCZ4Xij0zxI3JECgYs3oKx+AizQBA==}
    engines: {node: '>=0.10.0'}
    hasBin: true

  emoji-regex@8.0.0:
    resolution: {integrity: sha512-MSjYzcWNOA0ewAHpz0MxpYFvwg6yjy1NG3xteoqz644VCo/RPgnr1/GGt+ic3iJTzQ8Eu3TdM14SawnVUmGE6A==}

  escalade@3.2.0:
    resolution: {integrity: sha512-WUj2qlxaQtO4g6Pq5c29GTcWGDyd8itL8zTlipgECz3JesAiiOKotd8JU6otB3PACgG6xkJUyVhboMS+bje/jA==}
    engines: {node: '>=6'}

  eventemitter3@5.0.1:
    resolution: {integrity: sha512-GWkBvjiSZK87ELrYOSESUYeVIc9mvLLf/nXalMOS5dYrgZq9o5OVkbZAVM06CVxYsCwH9BDZFPlQTlPA1j4ahA==}

  fast-check@3.23.2:
    resolution: {integrity: sha512-h5+1OzzfCC3Ef7VbtKdcv7zsstUQwUDlYpUTvjeUsJAssPgLn7QzbboPtL5ro04Mq0rPOsMzl7q5hIbRs2wD1A==}
    engines: {node: '>=8.0.0'}

  filelist@1.0.4:
    resolution: {integrity: sha512-w1cEuf3S+DrLCQL7ET6kz+gmlJdbq9J7yXCSjK/OZCPA+qEN1WyF4ZAf0YYJa4/shHJra2t/d/r8SV4Ji+x+8Q==}

  follow-redirects@1.15.9:
    resolution: {integrity: sha512-gew4GsXizNgdoRyqmyfMHyAmXsZDk6mHkSxZFCzW9gwlbtOW44CDtYavM+y+72qD/Vq2l550kMF52DT8fOLJqQ==}
    engines: {node: '>=4.0'}
    peerDependencies:
      debug: '*'
    peerDependenciesMeta:
      debug:
        optional: true

  form-data@4.0.1:
    resolution: {integrity: sha512-tzN8e4TX8+kkxGPK8D5u0FNmjPUjw3lwC9lSLxxoB/+GtsJG91CO8bSWy73APlgAZzZbXEYZJuxjkHH2w+Ezhw==}
    engines: {node: '>= 6'}

  get-caller-file@2.0.5:
    resolution: {integrity: sha512-DyFP3BM/3YHTQOCUL/w0OZHR0lpKeGrxotcHWcqNEdnltqFwXVfhEBQ94eIo34AfQpo0rGki4cyIiftY06h2Fg==}
    engines: {node: 6.* || 8.* || >= 10.*}

  has-flag@4.0.0:
    resolution: {integrity: sha512-EykJT/Q1KjTWctppgIAgfSO0tKVuZUjhgMr17kqTumMl6Afv3EISleU7qZUzoXDFTAHTDC4NOoG/ZxU3EvlMPQ==}
    engines: {node: '>=8'}

  is-fullwidth-code-point@3.0.0:
    resolution: {integrity: sha512-zymm5+u+sCsSWyD9qNaejV3DFvhCKclKdizYaJUuHA83RLjb7nSuGnddCHGv0hk+KY7BMAlsWeK4Ueg6EV6XQg==}
    engines: {node: '>=8'}

  isows@1.0.3:
    resolution: {integrity: sha512-2cKei4vlmg2cxEjm3wVSqn8pcoRF/LX/wpifuuNquFO4SQmPwarClT+SUCA2lt+l581tTeZIPIZuIDo2jWN1fg==}
    peerDependencies:
      ws: '*'

  isows@1.0.6:
    resolution: {integrity: sha512-lPHCayd40oW98/I0uvgaHKWCSvkzY27LjWLbtzOm64yQ+G3Q5npjjbdppU65iZXkK1Zt+kH9pfegli0AYfwYYw==}
    peerDependencies:
      ws: '*'

  jake@10.9.2:
    resolution: {integrity: sha512-2P4SQ0HrLQ+fw6llpLnOaGAvN2Zu6778SJMrCUwns4fOoG9ayrTiZk3VV8sCPkVZF8ab0zksVpS8FDY5pRCNBA==}
    engines: {node: '>=10'}
    hasBin: true

  mime-db@1.52.0:
    resolution: {integrity: sha512-sPU4uV7dYlvtWJxwwxHD0PuihVNiE7TyAbQ5SWxDCB9mUYvOgroQOwYQQOKPJ8CIbE+1ETVlOoK1UC2nU3gYvg==}
    engines: {node: '>= 0.6'}

  mime-types@2.1.35:
    resolution: {integrity: sha512-ZDY+bPm5zTTF+YpCrAU9nK0UgICYPT0QtT1NZWFv4s++TNkcgVaT0g6+4R2uI4MjQjzysHB1zxuWL50hzaeXiw==}
    engines: {node: '>= 0.6'}

  minimatch@3.1.2:
    resolution: {integrity: sha512-J7p63hRiAjw1NDEww1W7i37+ByIrOWO5XQQAzZ3VOcL0PNybwpfmV/N05zFAzwQ9USyEcX6t3UO+K5aqBQOIHw==}

  minimatch@5.1.6:
    resolution: {integrity: sha512-lKwV/1brpG6mBUFHtb7NUmtABCb2WZZmm2wNiOA5hAb8VdCS4B3dtMWyvcoViccwAW/COERjXLt0zP1zXUN26g==}
    engines: {node: '>=10'}

  neverthrow@6.2.2:
    resolution: {integrity: sha512-POR1FACqdK9jH0S2kRPzaZEvzT11wsOxLW520PQV/+vKi9dQe+hXq19EiOvYx7lSRaF5VB9lYGsPInynrnN05w==}

  ox@0.2.2:
    resolution: {integrity: sha512-QWCyFfVk5hFOhg13SGqRKih5B7EBucrf+Z1dfmN9jJQ8MZdrRx9mbD78JQL5ogSzDT7fcHgyMCaXd/3AWn6xHQ==}
    peerDependencies:
      typescript: '>=5.4.0'
    peerDependenciesMeta:
      typescript:
        optional: true

  ox@0.6.7:
    resolution: {integrity: sha512-17Gk/eFsFRAZ80p5eKqv89a57uXjd3NgIf1CaXojATPBuujVc/fQSVhBeAU9JCRB+k7J50WQAyWTxK19T9GgbA==}
    peerDependencies:
      typescript: '>=5.4.0'
    peerDependenciesMeta:
      typescript:
        optional: true

  proxy-from-env@1.1.0:
    resolution: {integrity: sha512-D+zkORCbA9f1tdWRK0RaCR3GPv50cMxcrz4X8k5LTSUD1Dkw47mKJEZQNunItRTkWwgtaUSo1RVFRIG9ZXiFYg==}

  pure-rand@6.1.0:
    resolution: {integrity: sha512-bVWawvoZoBYpp6yIoQtQXHZjmz35RSVHnUOTefl8Vcjr8snTPY1wnpSPMWekcFwbxI6gtmT7rSYPFvz71ldiOA==}

  quickjs-emscripten-core@0.29.2:
    resolution: {integrity: sha512-jEAiURW4jGqwO/fW01VwlWqa2G0AJxnN5FBy1xnVu8VIVhVhiaxUfCe+bHqS6zWzfjFm86HoO40lzpteusvyJA==}

  quickjs-emscripten@0.29.2:
    resolution: {integrity: sha512-SlvkvyZgarReu2nr4rkf+xz1vN0YDUz7sx4WHz8LFtK6RNg4/vzAGcFjE7nfHYBEbKrzfIWvKnMnxZkctQ898w==}
    engines: {node: '>=16.0.0'}

  require-directory@2.1.1:
    resolution: {integrity: sha512-fGxEI7+wsG9xrvdjsrlmL22OMTTiHRwAMroiEeMgq8gzoLC/PQr7RsRDSTLUg/bZAZtF+TVIkHc6/4RIKrui+Q==}
    engines: {node: '>=0.10.0'}

  shell-quote@1.8.2:
    resolution: {integrity: sha512-AzqKpGKjrj7EM6rKVQEPpB288oCfnrEIuyoT9cyF4nmGa7V8Zk6f7RRqYisX8X9m+Q7bd632aZW4ky7EhbQztA==}
    engines: {node: '>= 0.4'}

  string-width@4.2.3:
    resolution: {integrity: sha512-wKyQRQpjJ0sIp62ErSZdGsjMJWsap5oRNihHhu6G7JVO/9jIB6UyevL+tXuOqrng8j/cxKTWyWUwvSTriiZz/g==}
    engines: {node: '>=8'}

  strip-ansi@6.0.1:
    resolution: {integrity: sha512-Y38VPSHcqkFrCpFnQ9vuSXmquuv5oXOKpGeT6aGrr3o3Gc9AlVa6JBfUSOCnbxGGZF+/0ooI7KrPuUSztUdU5A==}
    engines: {node: '>=8'}

  supports-color@7.2.0:
    resolution: {integrity: sha512-qpCAvRl9stuOHveKsn7HncJRvv501qIacKzQlO/+Lwxc9+0q2wLyv4Dfvt80/DPn2pqOBsJdDiogXGR9+OvwRw==}
    engines: {node: '>=8'}

  typescript@5.7.3:
    resolution: {integrity: sha512-84MVSjMEHP+FQRPy3pX9sTVV/INIex71s9TL2Gm5FG/WG1SqXeKyZ0k7/blY/4FdOzI12CBy1vGc4og/eus0fw==}
    engines: {node: '>=14.17'}
    hasBin: true

  undici-types@6.20.0:
    resolution: {integrity: sha512-Ny6QZ2Nju20vw1SRHe3d9jVu6gJ+4e3+MMpqu7pqE5HT6WsTSlce++GQmK5UXS8mzV8DSYHrQH+Xrf2jVcuKNg==}

  viem@1.21.4:
    resolution: {integrity: sha512-BNVYdSaUjeS2zKQgPs+49e5JKocfo60Ib2yiXOWBT6LuVxY1I/6fFX3waEtpXvL1Xn4qu+BVitVtMh9lyThyhQ==}
    peerDependencies:
      typescript: '>=5.0.4'
    peerDependenciesMeta:
      typescript:
        optional: true

  viem@2.22.13:
    resolution: {integrity: sha512-MaQKY5DUQ5SnZJPMytp5nTgvRu7N3wzvBhY31/9VT4lxDZAcQolqYEK3EqP+cdAD8jl0YmGuoJlfW9D1crqlGg==}
    peerDependencies:
      typescript: '>=5.0.4'
    peerDependenciesMeta:
      typescript:
        optional: true

  wrap-ansi@7.0.0:
    resolution: {integrity: sha512-YVGIj2kamLSTxw6NsZjoBxfSwsn0ycdesmc4p+Q21c5zPuZ1pl+NfxVdxPtdHvmNVOQ6XSYG4AUtyt/Fi7D16Q==}
    engines: {node: '>=10'}

  ws@8.13.0:
    resolution: {integrity: sha512-x9vcZYTrFPC7aSIbj7sRCYo7L/Xb8Iy+pW0ng0wt2vCJv7M9HOMy0UoN3rr+IFC7hb7vXoqS+P9ktyLLLhO+LA==}
    engines: {node: '>=10.0.0'}
    peerDependencies:
      bufferutil: ^4.0.1
      utf-8-validate: '>=5.0.2'
    peerDependenciesMeta:
      bufferutil:
        optional: true
      utf-8-validate:
        optional: true

  ws@8.18.0:
    resolution: {integrity: sha512-8VbfWfHLbbwu3+N6OKsOMpBdT4kXPDDB9cJk2bJ6mh9ucxdlnNvH1e+roYkKmN9Nxw2yjz7VzeO9oOz2zJ04Pw==}
    engines: {node: '>=10.0.0'}
    peerDependencies:
      bufferutil: ^4.0.1
      utf-8-validate: '>=5.0.2'
    peerDependenciesMeta:
      bufferutil:
        optional: true
      utf-8-validate:
        optional: true

  y18n@5.0.8:
    resolution: {integrity: sha512-0pfFzegeDWJHJIAmTLRP2DwHjdF5s7jo9tuztdQxAhINCdvS+3nGINqPd00AphqJR/0LhANUS6/+7SCb98YOfA==}
    engines: {node: '>=10'}

  yargs-parser@21.1.1:
    resolution: {integrity: sha512-tVpsJW7DdjecAiFpbIB1e3qxIQsE6NoPc5/eTdrbbIC4h0LVsWhnoa3g+m2HclBIujHzsxZ4VJVA+GUuc2/LBw==}
    engines: {node: '>=12'}

  yargs@17.7.2:
    resolution: {integrity: sha512-7dSzzRQ++CKnNI/krKnYRV7JKKPUXMEh61soaHKg9mrWEhzFWhFnxPxGl+69cD1Ou63C13NUPCnmIcrvqCuM6w==}
    engines: {node: '>=12'}

snapshots:

  '@3loop/transaction-decoder@0.25.1(@noble/hashes@1.7.1)(effect@3.12.7)(quickjs-emscripten@0.29.2)(typescript@5.7.3)(viem@2.22.13(typescript@5.7.3))':
    dependencies:
      '@shazow/whatsabi': 0.18.0(@noble/hashes@1.7.1)(typescript@5.7.3)
      effect: 3.12.7
      quickjs-emscripten: 0.29.2
      viem: 2.22.13(typescript@5.7.3)
    transitivePeerDependencies:
      - '@noble/hashes'
      - typescript
      - zod

  '@3loop/transaction-interpreter@0.11.16(@noble/hashes@1.7.1)(effect@3.12.7)(typescript@5.7.3)(viem@2.22.13(typescript@5.7.3))':
    dependencies:
      '@3loop/transaction-decoder': 0.25.1(@noble/hashes@1.7.1)(effect@3.12.7)(quickjs-emscripten@0.29.2)(typescript@5.7.3)(viem@2.22.13(typescript@5.7.3))
      effect: 3.12.7
      quickjs-emscripten: 0.29.2
    transitivePeerDependencies:
      - '@effect/sql'
      - '@noble/hashes'
      - typescript
      - viem
      - zod

  '@adraffy/ens-normalize@1.10.0': {}

  '@adraffy/ens-normalize@1.11.0': {}

  '@farcaster/core@0.14.20(typescript@5.7.3)':
    dependencies:
      '@noble/curves': 1.8.1
      '@noble/hashes': 1.7.1
      bs58: 5.0.0
      neverthrow: 6.2.2
      viem: 2.22.13(typescript@5.7.3)
    transitivePeerDependencies:
      - bufferutil
      - typescript
      - utf-8-validate
      - zod

  '@flydotio/dockerfile@0.7.3':
    dependencies:
      chalk: 5.4.1
      diff: 5.2.0
      ejs: 3.1.10
      shell-quote: 1.8.2
      yargs: 17.7.2

  '@jitl/quickjs-ffi-types@0.29.2': {}

  '@jitl/quickjs-wasmfile-debug-asyncify@0.29.2':
    dependencies:
      '@jitl/quickjs-ffi-types': 0.29.2

  '@jitl/quickjs-wasmfile-debug-sync@0.29.2':
    dependencies:
      '@jitl/quickjs-ffi-types': 0.29.2

  '@jitl/quickjs-wasmfile-release-asyncify@0.29.2':
    dependencies:
      '@jitl/quickjs-ffi-types': 0.29.2

  '@jitl/quickjs-wasmfile-release-sync@0.29.2':
    dependencies:
      '@jitl/quickjs-ffi-types': 0.29.2

  '@noble/curves@1.2.0':
    dependencies:
      '@noble/hashes': 1.3.2

  '@noble/curves@1.8.1':
    dependencies:
      '@noble/hashes': 1.7.1

  '@noble/hashes@1.3.2': {}

  '@noble/hashes@1.7.1': {}

  '@scure/base@1.1.9': {}

  '@scure/base@1.2.4': {}

  '@scure/bip32@1.3.2':
    dependencies:
      '@noble/curves': 1.2.0
      '@noble/hashes': 1.3.2
      '@scure/base': 1.1.9

  '@scure/bip32@1.6.2':
    dependencies:
      '@noble/curves': 1.8.1
      '@noble/hashes': 1.7.1
      '@scure/base': 1.2.4

  '@scure/bip39@1.2.1':
    dependencies:
      '@noble/hashes': 1.3.2
      '@scure/base': 1.1.9

  '@scure/bip39@1.5.4':
    dependencies:
      '@noble/hashes': 1.7.1
      '@scure/base': 1.2.4

  '@shazow/whatsabi@0.18.0(@noble/hashes@1.7.1)(typescript@5.7.3)':
    dependencies:
      '@noble/hashes': 1.7.1
      ox: 0.2.2(typescript@5.7.3)
    transitivePeerDependencies:
      - typescript
      - zod

  '@standard-crypto/farcaster-js-hub-rest@1.5.0(axios@1.6.8)(typescript@5.7.3)':
    dependencies:
      '@farcaster/core': 0.14.20(typescript@5.7.3)
      axios: 1.6.8
      neverthrow: 6.2.2
      viem: 1.21.4(typescript@5.7.3)
    transitivePeerDependencies:
      - bufferutil
      - typescript
      - utf-8-validate
      - zod

  '@types/bun@1.2.0':
    dependencies:
      bun-types: 1.2.0

  '@types/node@22.10.10':
    dependencies:
      undici-types: 6.20.0

  '@types/ws@8.5.14':
    dependencies:
      '@types/node': 22.10.10

  abitype@0.9.8(typescript@5.7.3):
    optionalDependencies:
      typescript: 5.7.3

  abitype@1.0.8(typescript@5.7.3):
    optionalDependencies:
      typescript: 5.7.3

  ansi-regex@5.0.1: {}

  ansi-styles@4.3.0:
    dependencies:
      color-convert: 2.0.1

  async@3.2.6: {}

  asynckit@0.4.0: {}

  axios@1.6.8:
    dependencies:
      follow-redirects: 1.15.9
      form-data: 4.0.1
      proxy-from-env: 1.1.0
    transitivePeerDependencies:
      - debug

  balanced-match@1.0.2: {}

  base-x@4.0.0: {}

  brace-expansion@1.1.11:
    dependencies:
      balanced-match: 1.0.2
      concat-map: 0.0.1

  brace-expansion@2.0.1:
    dependencies:
      balanced-match: 1.0.2

  bs58@5.0.0:
    dependencies:
      base-x: 4.0.0

  bun-types@1.2.0:
    dependencies:
      '@types/node': 22.10.10
      '@types/ws': 8.5.14

  chalk@4.1.2:
    dependencies:
      ansi-styles: 4.3.0
      supports-color: 7.2.0

  chalk@5.4.1: {}

  cliui@8.0.1:
    dependencies:
      string-width: 4.2.3
      strip-ansi: 6.0.1
      wrap-ansi: 7.0.0

  color-convert@2.0.1:
    dependencies:
      color-name: 1.1.4

  color-name@1.1.4: {}

  combined-stream@1.0.8:
    dependencies:
      delayed-stream: 1.0.0

  concat-map@0.0.1: {}

  delayed-stream@1.0.0: {}

  diff@5.2.0: {}

  effect@3.12.7:
    dependencies:
      fast-check: 3.23.2

  ejs@3.1.10:
    dependencies:
      jake: 10.9.2

  emoji-regex@8.0.0: {}

  escalade@3.2.0: {}

  eventemitter3@5.0.1: {}

  fast-check@3.23.2:
    dependencies:
      pure-rand: 6.1.0

  filelist@1.0.4:
    dependencies:
      minimatch: 5.1.6

  follow-redirects@1.15.9: {}

  form-data@4.0.1:
    dependencies:
      asynckit: 0.4.0
      combined-stream: 1.0.8
      mime-types: 2.1.35

  get-caller-file@2.0.5: {}

  has-flag@4.0.0: {}

  is-fullwidth-code-point@3.0.0: {}

  isows@1.0.3(ws@8.13.0):
    dependencies:
      ws: 8.13.0

  isows@1.0.6(ws@8.18.0):
    dependencies:
      ws: 8.18.0

  jake@10.9.2:
    dependencies:
      async: 3.2.6
      chalk: 4.1.2
      filelist: 1.0.4
      minimatch: 3.1.2

  mime-db@1.52.0: {}

  mime-types@2.1.35:
    dependencies:
      mime-db: 1.52.0

  minimatch@3.1.2:
    dependencies:
      brace-expansion: 1.1.11

  minimatch@5.1.6:
    dependencies:
      brace-expansion: 2.0.1

  neverthrow@6.2.2: {}

  ox@0.2.2(typescript@5.7.3):
    dependencies:
      '@adraffy/ens-normalize': 1.11.0
      '@noble/curves': 1.8.1
      '@noble/hashes': 1.7.1
      '@scure/bip32': 1.6.2
      '@scure/bip39': 1.5.4
      abitype: 1.0.8(typescript@5.7.3)
      eventemitter3: 5.0.1
    optionalDependencies:
      typescript: 5.7.3
    transitivePeerDependencies:
      - zod

  ox@0.6.7(typescript@5.7.3):
    dependencies:
      '@adraffy/ens-normalize': 1.11.0
      '@noble/curves': 1.8.1
      '@noble/hashes': 1.7.1
      '@scure/bip32': 1.6.2
      '@scure/bip39': 1.5.4
      abitype: 1.0.8(typescript@5.7.3)
      eventemitter3: 5.0.1
    optionalDependencies:
      typescript: 5.7.3
    transitivePeerDependencies:
      - zod

  proxy-from-env@1.1.0: {}

  pure-rand@6.1.0: {}

  quickjs-emscripten-core@0.29.2:
    dependencies:
      '@jitl/quickjs-ffi-types': 0.29.2

  quickjs-emscripten@0.29.2:
    dependencies:
      '@jitl/quickjs-wasmfile-debug-asyncify': 0.29.2
      '@jitl/quickjs-wasmfile-debug-sync': 0.29.2
      '@jitl/quickjs-wasmfile-release-asyncify': 0.29.2
      '@jitl/quickjs-wasmfile-release-sync': 0.29.2
      quickjs-emscripten-core: 0.29.2

  require-directory@2.1.1: {}

  shell-quote@1.8.2: {}

  string-width@4.2.3:
    dependencies:
      emoji-regex: 8.0.0
      is-fullwidth-code-point: 3.0.0
      strip-ansi: 6.0.1

  strip-ansi@6.0.1:
    dependencies:
      ansi-regex: 5.0.1

  supports-color@7.2.0:
    dependencies:
      has-flag: 4.0.0

  typescript@5.7.3: {}

  undici-types@6.20.0: {}

  viem@1.21.4(typescript@5.7.3):
    dependencies:
      '@adraffy/ens-normalize': 1.10.0
      '@noble/curves': 1.2.0
      '@noble/hashes': 1.3.2
      '@scure/bip32': 1.3.2
      '@scure/bip39': 1.2.1
      abitype: 0.9.8(typescript@5.7.3)
      isows: 1.0.3(ws@8.13.0)
      ws: 8.13.0
    optionalDependencies:
      typescript: 5.7.3
    transitivePeerDependencies:
      - bufferutil
      - utf-8-validate
      - zod

  viem@2.22.13(typescript@5.7.3):
    dependencies:
      '@noble/curves': 1.8.1
      '@noble/hashes': 1.7.1
      '@scure/bip32': 1.6.2
      '@scure/bip39': 1.5.4
      abitype: 1.0.8(typescript@5.7.3)
      isows: 1.0.6(ws@8.18.0)
      ox: 0.6.7(typescript@5.7.3)
      ws: 8.18.0
    optionalDependencies:
      typescript: 5.7.3
    transitivePeerDependencies:
      - bufferutil
      - utf-8-validate
      - zod

  wrap-ansi@7.0.0:
    dependencies:
      ansi-styles: 4.3.0
      string-width: 4.2.3
      strip-ansi: 6.0.1

  ws@8.13.0: {}

  ws@8.18.0: {}

  y18n@5.0.8: {}

  yargs-parser@21.1.1: {}

  yargs@17.7.2:
    dependencies:
      cliui: 8.0.1
      escalade: 3.2.0
      get-caller-file: 2.0.5
      require-directory: 2.1.1
      string-width: 4.2.3
      y18n: 5.0.8
      yargs-parser: 21.1.1
